
Microsoft Visual Studio Solution File, Format Version 12.00
# Visual Studio 15
VisualStudioVersion = 15.0.27004.2005
MinimumVisualStudioVersion = 10.0.40219.1
Project("{FAE04EC0-301F-11D3-BF4B-00C04F79EFBC}") = "HomeCaseCS_Lesson3_10", "HomeCaseCS_Lesson3_10.csproj", "{EBE620FB-6DB3-4441-98C5-03DE7354189B}"
EndProject
Global
	GlobalSection(SolutionConfigurationPlatforms) = preSolution
		Debug|Any CPU = Debug|Any CPU
		Release|Any CPU = Release|Any CPU
	EndGlobalSection
	GlobalSection(ProjectConfigurationPlatforms) = postSolution
		{EBE620FB-6DB3-4441-98C5-03DE7354189B}.Debug|Any CPU.ActiveCfg = Debug|Any CPU
		{EBE620FB-6DB3-4441-98C5-03DE7354189B}.Debug|Any CPU.Build.0 = Debug|Any CPU
		{EBE620FB-6DB3-4441-98C5-03DE7354189B}.Release|Any CPU.ActiveCfg = Release|Any CPU
		{EBE620FB-6DB3-4441-98C5-03DE7354189B}.Release|Any CPU.Build.0 = Release|Any CPU
	EndGlobalSection
	GlobalSection(SolutionProperties) = preSolution
		HideSolutionNode = FALSE
	EndGlobalSection
	GlobalSection(ExtensibilityGlobals) = postSolution
		SolutionGuid = {BCBFE330-C032-4689-A21C-BDD7CD6B3F92}
	EndGlobalSection
EndGlobal
